
Microsoft Visual Studio Solution File, Format Version 12.00
# Visual Studio Version 17
VisualStudioVersion = 17.3.32929.385
MinimumVisualStudioVersion = 10.0.40219.1
Project("{FAE04EC0-301F-11D3-BF4B-00C04F79EFBC}") = "RecapProject1", "RecapProject1.csproj", "{98090EBE-CFE2-4B8F-905B-6D01E27C3D0E}"
EndProject
Global
	GlobalSection(SolutionConfigurationPlatforms) = preSolution
		Debug|Any CPU = Debug|Any CPU
		Release|Any CPU = Release|Any CPU
	EndGlobalSection
	GlobalSection(ProjectConfigurationPlatforms) = postSolution
		{98090EBE-CFE2-4B8F-905B-6D01E27C3D0E}.Debug|Any CPU.ActiveCfg = Debug|Any CPU
		{98090EBE-CFE2-4B8F-905B-6D01E27C3D0E}.Debug|Any CPU.Build.0 = Debug|Any CPU
		{98090EBE-CFE2-4B8F-905B-6D01E27C3D0E}.Release|Any CPU.ActiveCfg = Release|Any CPU
		{98090EBE-CFE2-4B8F-905B-6D01E27C3D0E}.Release|Any CPU.Build.0 = Release|Any CPU
	EndGlobalSection
	GlobalSection(SolutionProperties) = preSolution
		HideSolutionNode = FALSE
	EndGlobalSection
	GlobalSection(ExtensibilityGlobals) = postSolution
		SolutionGuid = {6F00FD9A-19D6-40F5-81D9-EECE8A6FB7F5}
	EndGlobalSection
EndGlobal
